// !$*UTF8*$!
{
	archiveVersion = 1;
	classes = {
	};
	objectVersion = 55;
	objects = {

/* Begin PBXBuildFile section */
		4F1D2CAE28E0A06E003666CF /* AccessibilityIdentifier.swift in Sources */ = {isa = PBXBuildFile; fileRef = 4F1D2CAD28E0A06E003666CF /* AccessibilityIdentifier.swift */; };
		4F3BB8AE28D88B66000DE660 /* AppDelegate.swift in Sources */ = {isa = PBXBuildFile; fileRef = 4F3BB8AD28D88B66000DE660 /* AppDelegate.swift */; };
		4F3BB8B028D88B66000DE660 /* SceneDelegate.swift in Sources */ = {isa = PBXBuildFile; fileRef = 4F3BB8AF28D88B66000DE660 /* SceneDelegate.swift */; };
		4F3BB8B228D88B66000DE660 /* ArticlesViewController.swift in Sources */ = {isa = PBXBuildFile; fileRef = 4F3BB8B128D88B66000DE660 /* ArticlesViewController.swift */; };
		4F3BB8B728D88B6A000DE660 /* Assets.xcassets in Resources */ = {isa = PBXBuildFile; fileRef = 4F3BB8B628D88B6A000DE660 /* Assets.xcassets */; };
		4F3BB8BA28D88B6A000DE660 /* LaunchScreen.storyboard in Resources */ = {isa = PBXBuildFile; fileRef = 4F3BB8B828D88B6A000DE660 /* LaunchScreen.storyboard */; };
		4F3BB8C328D88CB4000DE660 /* Coordinator.swift in Sources */ = {isa = PBXBuildFile; fileRef = 4F3BB8C228D88CB4000DE660 /* Coordinator.swift */; };
		4F3BB8C528D88F95000DE660 /* AppCoordinator.swift in Sources */ = {isa = PBXBuildFile; fileRef = 4F3BB8C428D88F95000DE660 /* AppCoordinator.swift */; };
		4F3BB8C828D89491000DE660 /* AppDIContainer.swift in Sources */ = {isa = PBXBuildFile; fileRef = 4F3BB8C728D89491000DE660 /* AppDIContainer.swift */; };
		4F3BB8CB28D895EF000DE660 /* ArticlesDIContainer.swift in Sources */ = {isa = PBXBuildFile; fileRef = 4F3BB8CA28D895EF000DE660 /* ArticlesDIContainer.swift */; };
		4F6713DF2C9EDB4F005167AC /* Media.swift in Sources */ = {isa = PBXBuildFile; fileRef = 4F6713DE2C9EDB4F005167AC /* Media.swift */; };
		4F6713E12C9EDB80005167AC /* MediaMetaData.swift in Sources */ = {isa = PBXBuildFile; fileRef = 4F6713E02C9EDB80005167AC /* MediaMetaData.swift */; };
		4F6713E42C9F1331005167AC /* NavigationController.swift in Sources */ = {isa = PBXBuildFile; fileRef = 4F6713E32C9F1331005167AC /* NavigationController.swift */; };
		4F8250FA28DA05C7006530D9 /* AlertBuilder.swift in Sources */ = {isa = PBXBuildFile; fileRef = 4F8250F928DA05C7006530D9 /* AlertBuilder.swift */; };
		4F8250FE28DA0FCD006530D9 /* ArticlesResponse.swift in Sources */ = {isa = PBXBuildFile; fileRef = 4F8250FD28DA0FCD006530D9 /* ArticlesResponse.swift */; };
		4F82510528DA19CC006530D9 /* ArticleDetailDIContainer.swift in Sources */ = {isa = PBXBuildFile; fileRef = 4F82510428DA19CC006530D9 /* ArticleDetailDIContainer.swift */; };
		4F9CA4C428D8D18000BF419D /* ArticlesViewModel.swift in Sources */ = {isa = PBXBuildFile; fileRef = 4F9CA4C328D8D18000BF419D /* ArticlesViewModel.swift */; };
		4F9CA4C828D8D4B200BF419D /* ArticlesRepository.swift in Sources */ = {isa = PBXBuildFile; fileRef = 4F9CA4C728D8D4B200BF419D /* ArticlesRepository.swift */; };
		4F9CA4D328D8D54800BF419D /* ArticlesRequest.swift in Sources */ = {isa = PBXBuildFile; fileRef = 4F9CA4CB28D8D54800BF419D /* ArticlesRequest.swift */; };
		4F9CA4D428D8D54800BF419D /* ImageService.swift in Sources */ = {isa = PBXBuildFile; fileRef = 4F9CA4CD28D8D54800BF419D /* ImageService.swift */; };
		4F9CA4D528D8D54800BF419D /* NetworkService.swift in Sources */ = {isa = PBXBuildFile; fileRef = 4F9CA4CE28D8D54800BF419D /* NetworkService.swift */; };
		4F9CA4D628D8D54800BF419D /* DataRequest.swift in Sources */ = {isa = PBXBuildFile; fileRef = 4F9CA4CF28D8D54800BF419D /* DataRequest.swift */; };
		4F9CA4D728D8D54800BF419D /* ErrorResponse.swift in Sources */ = {isa = PBXBuildFile; fileRef = 4F9CA4D028D8D54800BF419D /* ErrorResponse.swift */; };
		4F9CA4D828D8D54800BF419D /* Reachability.swift in Sources */ = {isa = PBXBuildFile; fileRef = 4F9CA4D228D8D54800BF419D /* Reachability.swift */; };
		4F9CA4DB28D8D5D200BF419D /* Article.swift in Sources */ = {isa = PBXBuildFile; fileRef = 4F9CA4DA28D8D5D200BF419D /* Article.swift */; };
		4F9CA4DF28D99C4D00BF419D /* NSError.swift in Sources */ = {isa = PBXBuildFile; fileRef = 4F9CA4DE28D99C4D00BF419D /* NSError.swift */; };
		4F9CA4E228D99C7A00BF419D /* Strings.swift in Sources */ = {isa = PBXBuildFile; fileRef = 4F9CA4E128D99C7A00BF419D /* Strings.swift */; };
		4F9CA4E528D9A67300BF419D /* NetworkConstants.swift in Sources */ = {isa = PBXBuildFile; fileRef = 4F9CA4E428D9A67300BF419D /* NetworkConstants.swift */; };
		4F9CA4EB28D9B48300BF419D /* ArticleTableViewCell.swift in Sources */ = {isa = PBXBuildFile; fileRef = 4F9CA4EA28D9B48300BF419D /* ArticleTableViewCell.swift */; };
		4F9CA4EF28D9BCD300BF419D /* UITableView.swift in Sources */ = {isa = PBXBuildFile; fileRef = 4F9CA4EE28D9BCD300BF419D /* UITableView.swift */; };
		4F9CA4F128D9BCF300BF419D /* NSObject.swift in Sources */ = {isa = PBXBuildFile; fileRef = 4F9CA4F028D9BCF300BF419D /* NSObject.swift */; };
		4FA494052CA13F42001B0BBB /* sampleData.json in Resources */ = {isa = PBXBuildFile; fileRef = 4F1D2C9428E01EFF003666CF /* sampleData.json */; };
		4FA494062CA13F45001B0BBB /* MockDataGenerator.swift in Sources */ = {isa = PBXBuildFile; fileRef = 4F1D2C9228E01EF8003666CF /* MockDataGenerator.swift */; };
		4FA494072CA13F47001B0BBB /* MockNetworkService.swift in Sources */ = {isa = PBXBuildFile; fileRef = 4FE8FA0028E18A8700CE2CA6 /* MockNetworkService.swift */; };
		4FA494082CA13F4A001B0BBB /* MockArticlesRepository.swift in Sources */ = {isa = PBXBuildFile; fileRef = 4FE8F9FE28E18A0A00CE2CA6 /* MockArticlesRepository.swift */; };
		4FA494092CA13F4D001B0BBB /* ArticlesViewModelTests.swift in Sources */ = {isa = PBXBuildFile; fileRef = 4F1D2C9628E020ED003666CF /* ArticlesViewModelTests.swift */; };
		4FA4940A2CA13F4F001B0BBB /* ArticlesRepositoryTests.swift in Sources */ = {isa = PBXBuildFile; fileRef = 4F1D2C9B28E02D2D003666CF /* ArticlesRepositoryTests.swift */; };
		4FA4940B2CA13F51001B0BBB /* ArticleModelTests.swift in Sources */ = {isa = PBXBuildFile; fileRef = 4F1D2C9828E02CFA003666CF /* ArticleModelTests.swift */; };
		4FA4940C2CA13F61001B0BBB /* NYTPopularArticlesUITests.swift in Sources */ = {isa = PBXBuildFile; fileRef = 4F1D2CA328E0A014003666CF /* NYTPopularArticlesUITests.swift */; };
		4FA4940D2CA14000001B0BBB /* Strings.swift in Sources */ = {isa = PBXBuildFile; fileRef = 4F9CA4E128D99C7A00BF419D /* Strings.swift */; };
		4FA4940E2CA14006001B0BBB /* AccessibilityIdentifier.swift in Sources */ = {isa = PBXBuildFile; fileRef = 4F1D2CAD28E0A06E003666CF /* AccessibilityIdentifier.swift */; };
		4FA494102CA14306001B0BBB /* ArticleDetailViewModelTests.swift in Sources */ = {isa = PBXBuildFile; fileRef = 4FA4940F2CA14306001B0BBB /* ArticleDetailViewModelTests.swift */; };
		4FB8B7A528D9EDE700C2D2D5 /* ArticleDetailViewController.swift in Sources */ = {isa = PBXBuildFile; fileRef = 4FB8B7A428D9EDE700C2D2D5 /* ArticleDetailViewController.swift */; };
		4FB8B7A728D9F0C700C2D2D5 /* ArticleDetailViewModel.swift in Sources */ = {isa = PBXBuildFile; fileRef = 4FB8B7A628D9F0C700C2D2D5 /* ArticleDetailViewModel.swift */; };
/* End PBXBuildFile section */

/* Begin PBXContainerItemProxy section */
		4FA493F32CA13EFF001B0BBB /* PBXContainerItemProxy */ = {
			isa = PBXContainerItemProxy;
			containerPortal = 4F3BB8A228D88B66000DE660 /* Project object */;
			proxyType = 1;
			remoteGlobalIDString = 4F3BB8A928D88B66000DE660;
			remoteInfo = "NYT Popular Articles";
		};
		4FA494002CA13F1E001B0BBB /* PBXContainerItemProxy */ = {
			isa = PBXContainerItemProxy;
			containerPortal = 4F3BB8A228D88B66000DE660 /* Project object */;
			proxyType = 1;
			remoteGlobalIDString = 4F3BB8A928D88B66000DE660;
			remoteInfo = "NYT Popular Articles";
		};
/* End PBXContainerItemProxy section */

/* Begin PBXFileReference section */
		4F1D2C9228E01EF8003666CF /* MockDataGenerator.swift */ = {isa = PBXFileReference; fileEncoding = 4; lastKnownFileType = sourcecode.swift; path = MockDataGenerator.swift; sourceTree = "<group>"; };
		4F1D2C9428E01EFF003666CF /* sampleData.json */ = {isa = PBXFileReference; fileEncoding = 4; lastKnownFileType = text.json; path = sampleData.json; sourceTree = "<group>"; };
		4F1D2C9628E020ED003666CF /* ArticlesViewModelTests.swift */ = {isa = PBXFileReference; lastKnownFileType = sourcecode.swift; path = ArticlesViewModelTests.swift; sourceTree = "<group>"; };
		4F1D2C9828E02CFA003666CF /* ArticleModelTests.swift */ = {isa = PBXFileReference; fileEncoding = 4; lastKnownFileType = sourcecode.swift; path = ArticleModelTests.swift; sourceTree = "<group>"; };
		4F1D2C9B28E02D2D003666CF /* ArticlesRepositoryTests.swift */ = {isa = PBXFileReference; fileEncoding = 4; lastKnownFileType = sourcecode.swift; path = ArticlesRepositoryTests.swift; sourceTree = "<group>"; };
		4F1D2CA328E0A014003666CF /* NYTPopularArticlesUITests.swift */ = {isa = PBXFileReference; lastKnownFileType = sourcecode.swift; path = NYTPopularArticlesUITests.swift; sourceTree = "<group>"; };
		4F1D2CAD28E0A06E003666CF /* AccessibilityIdentifier.swift */ = {isa = PBXFileReference; fileEncoding = 4; lastKnownFileType = sourcecode.swift; path = AccessibilityIdentifier.swift; sourceTree = "<group>"; };
		4F3BB8AA28D88B66000DE660 /* NYT Popular Articles.app */ = {isa = PBXFileReference; explicitFileType = wrapper.application; includeInIndex = 0; path = "NYT Popular Articles.app"; sourceTree = BUILT_PRODUCTS_DIR; };
		4F3BB8AD28D88B66000DE660 /* AppDelegate.swift */ = {isa = PBXFileReference; lastKnownFileType = sourcecode.swift; path = AppDelegate.swift; sourceTree = "<group>"; };
		4F3BB8AF28D88B66000DE660 /* SceneDelegate.swift */ = {isa = PBXFileReference; lastKnownFileType = sourcecode.swift; path = SceneDelegate.swift; sourceTree = "<group>"; };
		4F3BB8B128D88B66000DE660 /* ArticlesViewController.swift */ = {isa = PBXFileReference; lastKnownFileType = sourcecode.swift; path = ArticlesViewController.swift; sourceTree = "<group>"; };
		4F3BB8B628D88B6A000DE660 /* Assets.xcassets */ = {isa = PBXFileReference; lastKnownFileType = folder.assetcatalog; path = Assets.xcassets; sourceTree = "<group>"; };
		4F3BB8B928D88B6A000DE660 /* Base */ = {isa = PBXFileReference; lastKnownFileType = file.storyboard; name = Base; path = Base.lproj/LaunchScreen.storyboard; sourceTree = "<group>"; };
		4F3BB8BB28D88B6A000DE660 /* Info.plist */ = {isa = PBXFileReference; lastKnownFileType = text.plist.xml; path = Info.plist; sourceTree = "<group>"; };
		4F3BB8C228D88CB4000DE660 /* Coordinator.swift */ = {isa = PBXFileReference; lastKnownFileType = sourcecode.swift; path = Coordinator.swift; sourceTree = "<group>"; };
		4F3BB8C428D88F95000DE660 /* AppCoordinator.swift */ = {isa = PBXFileReference; lastKnownFileType = sourcecode.swift; path = AppCoordinator.swift; sourceTree = "<group>"; };
		4F3BB8C728D89491000DE660 /* AppDIContainer.swift */ = {isa = PBXFileReference; lastKnownFileType = sourcecode.swift; path = AppDIContainer.swift; sourceTree = "<group>"; };
		4F3BB8CA28D895EF000DE660 /* ArticlesDIContainer.swift */ = {isa = PBXFileReference; lastKnownFileType = sourcecode.swift; path = ArticlesDIContainer.swift; sourceTree = "<group>"; };
		4F6713DE2C9EDB4F005167AC /* Media.swift */ = {isa = PBXFileReference; lastKnownFileType = sourcecode.swift; path = Media.swift; sourceTree = "<group>"; };
		4F6713E02C9EDB80005167AC /* MediaMetaData.swift */ = {isa = PBXFileReference; lastKnownFileType = sourcecode.swift; path = MediaMetaData.swift; sourceTree = "<group>"; };
		4F6713E32C9F1331005167AC /* NavigationController.swift */ = {isa = PBXFileReference; lastKnownFileType = sourcecode.swift; path = NavigationController.swift; sourceTree = "<group>"; };
		4F8250F928DA05C7006530D9 /* AlertBuilder.swift */ = {isa = PBXFileReference; fileEncoding = 4; lastKnownFileType = sourcecode.swift; path = AlertBuilder.swift; sourceTree = "<group>"; };
		4F8250FD28DA0FCD006530D9 /* ArticlesResponse.swift */ = {isa = PBXFileReference; lastKnownFileType = sourcecode.swift; path = ArticlesResponse.swift; sourceTree = "<group>"; };
		4F82510428DA19CC006530D9 /* ArticleDetailDIContainer.swift */ = {isa = PBXFileReference; lastKnownFileType = sourcecode.swift; path = ArticleDetailDIContainer.swift; sourceTree = "<group>"; };
		4F9CA4C328D8D18000BF419D /* ArticlesViewModel.swift */ = {isa = PBXFileReference; lastKnownFileType = sourcecode.swift; path = ArticlesViewModel.swift; sourceTree = "<group>"; };
		4F9CA4C728D8D4B200BF419D /* ArticlesRepository.swift */ = {isa = PBXFileReference; lastKnownFileType = sourcecode.swift; path = ArticlesRepository.swift; sourceTree = "<group>"; };
		4F9CA4CB28D8D54800BF419D /* ArticlesRequest.swift */ = {isa = PBXFileReference; fileEncoding = 4; lastKnownFileType = sourcecode.swift; path = ArticlesRequest.swift; sourceTree = "<group>"; };
		4F9CA4CD28D8D54800BF419D /* ImageService.swift */ = {isa = PBXFileReference; fileEncoding = 4; lastKnownFileType = sourcecode.swift; path = ImageService.swift; sourceTree = "<group>"; };
		4F9CA4CE28D8D54800BF419D /* NetworkService.swift */ = {isa = PBXFileReference; fileEncoding = 4; lastKnownFileType = sourcecode.swift; path = NetworkService.swift; sourceTree = "<group>"; };
		4F9CA4CF28D8D54800BF419D /* DataRequest.swift */ = {isa = PBXFileReference; fileEncoding = 4; lastKnownFileType = sourcecode.swift; path = DataRequest.swift; sourceTree = "<group>"; };
		4F9CA4D028D8D54800BF419D /* ErrorResponse.swift */ = {isa = PBXFileReference; fileEncoding = 4; lastKnownFileType = sourcecode.swift; path = ErrorResponse.swift; sourceTree = "<group>"; };
		4F9CA4D228D8D54800BF419D /* Reachability.swift */ = {isa = PBXFileReference; fileEncoding = 4; lastKnownFileType = sourcecode.swift; path = Reachability.swift; sourceTree = "<group>"; };
		4F9CA4DA28D8D5D200BF419D /* Article.swift */ = {isa = PBXFileReference; lastKnownFileType = sourcecode.swift; path = Article.swift; sourceTree = "<group>"; };
		4F9CA4DE28D99C4D00BF419D /* NSError.swift */ = {isa = PBXFileReference; fileEncoding = 4; lastKnownFileType = sourcecode.swift; path = NSError.swift; sourceTree = "<group>"; };
		4F9CA4E128D99C7A00BF419D /* Strings.swift */ = {isa = PBXFileReference; fileEncoding = 4; lastKnownFileType = sourcecode.swift; path = Strings.swift; sourceTree = "<group>"; };
		4F9CA4E428D9A67300BF419D /* NetworkConstants.swift */ = {isa = PBXFileReference; fileEncoding = 4; lastKnownFileType = sourcecode.swift; path = NetworkConstants.swift; sourceTree = "<group>"; };
		4F9CA4EA28D9B48300BF419D /* ArticleTableViewCell.swift */ = {isa = PBXFileReference; fileEncoding = 4; lastKnownFileType = sourcecode.swift; path = ArticleTableViewCell.swift; sourceTree = "<group>"; };
		4F9CA4EE28D9BCD300BF419D /* UITableView.swift */ = {isa = PBXFileReference; fileEncoding = 4; lastKnownFileType = sourcecode.swift; path = UITableView.swift; sourceTree = "<group>"; };
		4F9CA4F028D9BCF300BF419D /* NSObject.swift */ = {isa = PBXFileReference; fileEncoding = 4; lastKnownFileType = sourcecode.swift; path = NSObject.swift; sourceTree = "<group>"; };
		4FA493ED2CA13EFF001B0BBB /* NYT Popular Articles UITests.xctest */ = {isa = PBXFileReference; explicitFileType = wrapper.cfbundle; includeInIndex = 0; path = "NYT Popular Articles UITests.xctest"; sourceTree = BUILT_PRODUCTS_DIR; };
		4FA493FC2CA13F1E001B0BBB /* NYT Popular Articles Tests.xctest */ = {isa = PBXFileReference; explicitFileType = wrapper.cfbundle; includeInIndex = 0; path = "NYT Popular Articles Tests.xctest"; sourceTree = BUILT_PRODUCTS_DIR; };
		4FA4940F2CA14306001B0BBB /* ArticleDetailViewModelTests.swift */ = {isa = PBXFileReference; lastKnownFileType = sourcecode.swift; path = ArticleDetailViewModelTests.swift; sourceTree = "<group>"; };
		4FB8B7A428D9EDE700C2D2D5 /* ArticleDetailViewController.swift */ = {isa = PBXFileReference; lastKnownFileType = sourcecode.swift; path = ArticleDetailViewController.swift; sourceTree = "<group>"; };
		4FB8B7A628D9F0C700C2D2D5 /* ArticleDetailViewModel.swift */ = {isa = PBXFileReference; lastKnownFileType = sourcecode.swift; path = ArticleDetailViewModel.swift; sourceTree = "<group>"; };
		4FE8F9FE28E18A0A00CE2CA6 /* MockArticlesRepository.swift */ = {isa = PBXFileReference; lastKnownFileType = sourcecode.swift; path = MockArticlesRepository.swift; sourceTree = "<group>"; };
		4FE8FA0028E18A8700CE2CA6 /* MockNetworkService.swift */ = {isa = PBXFileReference; lastKnownFileType = sourcecode.swift; path = MockNetworkService.swift; sourceTree = "<group>"; };
/* End PBXFileReference section */

/* Begin PBXFrameworksBuildPhase section */
		4F3BB8A728D88B66000DE660 /* Frameworks */ = {
			isa = PBXFrameworksBuildPhase;
			buildActionMask = 2147483647;
			files = (
			);
			runOnlyForDeploymentPostprocessing = 0;
		};
		4FA493EA2CA13EFF001B0BBB /* Frameworks */ = {
			isa = PBXFrameworksBuildPhase;
			buildActionMask = 2147483647;
			files = (
			);
			runOnlyForDeploymentPostprocessing = 0;
		};
		4FA493F92CA13F1E001B0BBB /* Frameworks */ = {
			isa = PBXFrameworksBuildPhase;
			buildActionMask = 2147483647;
			files = (
			);
			runOnlyForDeploymentPostprocessing = 0;
		};
/* End PBXFrameworksBuildPhase section */

/* Begin PBXGroup section */
		4F1D2C8528E018B0003666CF /* NYT Popular Articles Tests */ = {
			isa = PBXGroup;
			children = (
				4F1D2C8F28E018E3003666CF /* Mocks */,
				4F1D2C8D28E018C4003666CF /* Presentation */,
				4F1D2C9A28E02D0F003666CF /* Repository */,
				4F1D2C8E28E018D3003666CF /* Model */,
			);
			path = "NYT Popular Articles Tests";
			sourceTree = "<group>";
		};
		4F1D2C8D28E018C4003666CF /* Presentation */ = {
			isa = PBXGroup;
			children = (
				4F1D2C9628E020ED003666CF /* ArticlesViewModelTests.swift */,
				4FA4940F2CA14306001B0BBB /* ArticleDetailViewModelTests.swift */,
			);
			path = Presentation;
			sourceTree = "<group>";
		};
		4F1D2C8E28E018D3003666CF /* Model */ = {
			isa = PBXGroup;
			children = (
				4F1D2C9828E02CFA003666CF /* ArticleModelTests.swift */,
			);
			path = Model;
			sourceTree = "<group>";
		};
		4F1D2C8F28E018E3003666CF /* Mocks */ = {
			isa = PBXGroup;
			children = (
				4F1D2C9428E01EFF003666CF /* sampleData.json */,
				4F1D2C9228E01EF8003666CF /* MockDataGenerator.swift */,
				4FE8FA0028E18A8700CE2CA6 /* MockNetworkService.swift */,
				4FE8F9FE28E18A0A00CE2CA6 /* MockArticlesRepository.swift */,
			);
			path = Mocks;
			sourceTree = "<group>";
		};
		4F1D2C9128E01C10003666CF /* Common */ = {
			isa = PBXGroup;
			children = (
				4F1D2CAC28E0A06E003666CF /* AccessibilityIdentifier */,
				4F9CA4E028D99C7A00BF419D /* Constants */,
				4F9CA4DD28D99C3D00BF419D /* Extensions */,
			);
			path = Common;
			sourceTree = "<group>";
		};
		4F1D2C9A28E02D0F003666CF /* Repository */ = {
			isa = PBXGroup;
			children = (
				4F1D2C9B28E02D2D003666CF /* ArticlesRepositoryTests.swift */,
			);
			path = Repository;
			sourceTree = "<group>";
		};
		4F1D2CA228E0A014003666CF /* NYT Popular Articles UITests */ = {
			isa = PBXGroup;
			children = (
				4F1D2CA328E0A014003666CF /* NYTPopularArticlesUITests.swift */,
			);
			path = "NYT Popular Articles UITests";
			sourceTree = "<group>";
		};
		4F1D2CAC28E0A06E003666CF /* AccessibilityIdentifier */ = {
			isa = PBXGroup;
			children = (
				4F1D2CAD28E0A06E003666CF /* AccessibilityIdentifier.swift */,
			);
			path = AccessibilityIdentifier;
			sourceTree = "<group>";
		};
		4F3BB8A128D88B66000DE660 = {
			isa = PBXGroup;
			children = (
				4F3BB8AC28D88B66000DE660 /* NYT Popular Articles */,
				4F1D2C8528E018B0003666CF /* NYT Popular Articles Tests */,
				4F1D2CA228E0A014003666CF /* NYT Popular Articles UITests */,
				4F3BB8AB28D88B66000DE660 /* Products */,
			);
			sourceTree = "<group>";
		};
		4F3BB8AB28D88B66000DE660 /* Products */ = {
			isa = PBXGroup;
			children = (
				4F3BB8AA28D88B66000DE660 /* NYT Popular Articles.app */,
				4FA493ED2CA13EFF001B0BBB /* NYT Popular Articles UITests.xctest */,
				4FA493FC2CA13F1E001B0BBB /* NYT Popular Articles Tests.xctest */,
			);
			name = Products;
			sourceTree = "<group>";
		};
		4F3BB8AC28D88B66000DE660 /* NYT Popular Articles */ = {
			isa = PBXGroup;
			children = (
				4F9CA4E328D99FFC00BF419D /* Application */,
				4F3BB8C128D88C57000DE660 /* Coordinator */,
				4F3BB8C628D89480000DE660 /* DIContainer */,
				4F9CA4E628D9B41300BF419D /* Presentation */,
				4F9CA4D928D8D5CA00BF419D /* Models */,
				4F1D2C9128E01C10003666CF /* Common */,
				4F800FB228DF7DD900F504DE /* Data */,
				4F9CA4C928D8D54800BF419D /* Network */,
				4F800FB428DF7EB200F504DE /* Resources */,
				4F800FB528DF7ECC00F504DE /* LaunchScreen */,
				4F3BB8BB28D88B6A000DE660 /* Info.plist */,
			);
			path = "NYT Popular Articles";
			sourceTree = "<group>";
		};
		4F3BB8C128D88C57000DE660 /* Coordinator */ = {
			isa = PBXGroup;
			children = (
				4F3BB8C228D88CB4000DE660 /* Coordinator.swift */,
				4F3BB8C428D88F95000DE660 /* AppCoordinator.swift */,
			);
			path = Coordinator;
			sourceTree = "<group>";
		};
		4F3BB8C628D89480000DE660 /* DIContainer */ = {
			isa = PBXGroup;
			children = (
				4F3BB8C728D89491000DE660 /* AppDIContainer.swift */,
				4F3BB8CA28D895EF000DE660 /* ArticlesDIContainer.swift */,
				4F82510428DA19CC006530D9 /* ArticleDetailDIContainer.swift */,
			);
			path = DIContainer;
			sourceTree = "<group>";
		};
		4F6713E22C9F1322005167AC /* NavigationController */ = {
			isa = PBXGroup;
			children = (
				4F6713E32C9F1331005167AC /* NavigationController.swift */,
			);
			path = NavigationController;
			sourceTree = "<group>";
		};
		4F800FB228DF7DD900F504DE /* Data */ = {
			isa = PBXGroup;
			children = (
				4F800FB328DF7DE200F504DE /* Repositories */,
			);
			path = Data;
			sourceTree = "<group>";
		};
		4F800FB328DF7DE200F504DE /* Repositories */ = {
			isa = PBXGroup;
			children = (
				4F9CA4C728D8D4B200BF419D /* ArticlesRepository.swift */,
			);
			path = Repositories;
			sourceTree = "<group>";
		};
		4F800FB428DF7EB200F504DE /* Resources */ = {
			isa = PBXGroup;
			children = (
				4F3BB8B628D88B6A000DE660 /* Assets.xcassets */,
			);
			path = Resources;
			sourceTree = "<group>";
		};
		4F800FB528DF7ECC00F504DE /* LaunchScreen */ = {
			isa = PBXGroup;
			children = (
				4F3BB8B828D88B6A000DE660 /* LaunchScreen.storyboard */,
			);
			path = LaunchScreen;
			sourceTree = "<group>";
		};
		4F8250F828DA05C7006530D9 /* AlertBuilder */ = {
			isa = PBXGroup;
			children = (
				4F8250F928DA05C7006530D9 /* AlertBuilder.swift */,
			);
			path = AlertBuilder;
			sourceTree = "<group>";
		};
		4F9CA4C928D8D54800BF419D /* Network */ = {
			isa = PBXGroup;
			children = (
				4F9CA4D128D8D54800BF419D /* Reachability */,
				4F9CA4CC28D8D54800BF419D /* Service */,
				4F9CA4CA28D8D54800BF419D /* Requests */,
			);
			path = Network;
			sourceTree = "<group>";
		};
		4F9CA4CA28D8D54800BF419D /* Requests */ = {
			isa = PBXGroup;
			children = (
				4F9CA4CB28D8D54800BF419D /* ArticlesRequest.swift */,
			);
			path = Requests;
			sourceTree = "<group>";
		};
		4F9CA4CC28D8D54800BF419D /* Service */ = {
			isa = PBXGroup;
			children = (
				4F9CA4CD28D8D54800BF419D /* ImageService.swift */,
				4F9CA4CE28D8D54800BF419D /* NetworkService.swift */,
				4F9CA4CF28D8D54800BF419D /* DataRequest.swift */,
				4F9CA4D028D8D54800BF419D /* ErrorResponse.swift */,
			);
			path = Service;
			sourceTree = "<group>";
		};
		4F9CA4D128D8D54800BF419D /* Reachability */ = {
			isa = PBXGroup;
			children = (
				4F9CA4D228D8D54800BF419D /* Reachability.swift */,
			);
			path = Reachability;
			sourceTree = "<group>";
		};
		4F9CA4D928D8D5CA00BF419D /* Models */ = {
			isa = PBXGroup;
			children = (
				4F8250FD28DA0FCD006530D9 /* ArticlesResponse.swift */,
				4F9CA4DA28D8D5D200BF419D /* Article.swift */,
				4F6713DE2C9EDB4F005167AC /* Media.swift */,
				4F6713E02C9EDB80005167AC /* MediaMetaData.swift */,
			);
			path = Models;
			sourceTree = "<group>";
		};
		4F9CA4DD28D99C3D00BF419D /* Extensions */ = {
			isa = PBXGroup;
			children = (
				4F9CA4F028D9BCF300BF419D /* NSObject.swift */,
				4F9CA4EE28D9BCD300BF419D /* UITableView.swift */,
				4F9CA4DE28D99C4D00BF419D /* NSError.swift */,
			);
			path = Extensions;
			sourceTree = "<group>";
		};
		4F9CA4E028D99C7A00BF419D /* Constants */ = {
			isa = PBXGroup;
			children = (
				4F9CA4E428D9A67300BF419D /* NetworkConstants.swift */,
				4F9CA4E128D99C7A00BF419D /* Strings.swift */,
			);
			path = Constants;
			sourceTree = "<group>";
		};
		4F9CA4E328D99FFC00BF419D /* Application */ = {
			isa = PBXGroup;
			children = (
				4F3BB8AD28D88B66000DE660 /* AppDelegate.swift */,
				4F3BB8AF28D88B66000DE660 /* SceneDelegate.swift */,
			);
			path = Application;
			sourceTree = "<group>";
		};
		4F9CA4E628D9B41300BF419D /* Presentation */ = {
			isa = PBXGroup;
			children = (
				4F6713E22C9F1322005167AC /* NavigationController */,
				4F8250F828DA05C7006530D9 /* AlertBuilder */,
				4F9CA4E828D9B44F00BF419D /* Articles */,
				4FB8B7A328D9EDAF00C2D2D5 /* ArticleDetail */,
			);
			path = Presentation;
			sourceTree = "<group>";
		};
		4F9CA4E828D9B44F00BF419D /* Articles */ = {
			isa = PBXGroup;
			children = (
				4F9CA4E928D9B46F00BF419D /* Cell */,
				4F9CA4C328D8D18000BF419D /* ArticlesViewModel.swift */,
				4F3BB8B128D88B66000DE660 /* ArticlesViewController.swift */,
			);
			path = Articles;
			sourceTree = "<group>";
		};
		4F9CA4E928D9B46F00BF419D /* Cell */ = {
			isa = PBXGroup;
			children = (
				4F9CA4EA28D9B48300BF419D /* ArticleTableViewCell.swift */,
			);
			path = Cell;
			sourceTree = "<group>";
		};
		4FB8B7A328D9EDAF00C2D2D5 /* ArticleDetail */ = {
			isa = PBXGroup;
			children = (
				4FB8B7A628D9F0C700C2D2D5 /* ArticleDetailViewModel.swift */,
				4FB8B7A428D9EDE700C2D2D5 /* ArticleDetailViewController.swift */,
			);
			path = ArticleDetail;
			sourceTree = "<group>";
		};
/* End PBXGroup section */

/* Begin PBXNativeTarget section */
		4F3BB8A928D88B66000DE660 /* NYT Popular Articles */ = {
			isa = PBXNativeTarget;
			buildConfigurationList = 4F3BB8BE28D88B6A000DE660 /* Build configuration list for PBXNativeTarget "NYT Popular Articles" */;
			buildPhases = (
				4F3BB8A628D88B66000DE660 /* Sources */,
				4F3BB8A728D88B66000DE660 /* Frameworks */,
				4F3BB8A828D88B66000DE660 /* Resources */,
			);
			buildRules = (
			);
			dependencies = (
			);
			name = "NYT Popular Articles";
			productName = ShapeGamesAssignment;
			productReference = 4F3BB8AA28D88B66000DE660 /* NYT Popular Articles.app */;
			productType = "com.apple.product-type.application";
		};
		4FA493EC2CA13EFF001B0BBB /* NYT Popular Articles UITests */ = {
			isa = PBXNativeTarget;
			buildConfigurationList = 4FA493F52CA13EFF001B0BBB /* Build configuration list for PBXNativeTarget "NYT Popular Articles UITests" */;
			buildPhases = (
				4FA493E92CA13EFF001B0BBB /* Sources */,
				4FA493EA2CA13EFF001B0BBB /* Frameworks */,
				4FA493EB2CA13EFF001B0BBB /* Resources */,
			);
			buildRules = (
			);
			dependencies = (
				4FA493F42CA13EFF001B0BBB /* PBXTargetDependency */,
			);
			name = "NYT Popular Articles UITests";
			productName = "NYT Popular Articles UITests";
			productReference = 4FA493ED2CA13EFF001B0BBB /* NYT Popular Articles UITests.xctest */;
			productType = "com.apple.product-type.bundle.ui-testing";
		};
		4FA493FB2CA13F1E001B0BBB /* NYT Popular Articles Tests */ = {
			isa = PBXNativeTarget;
			buildConfigurationList = 4FA494022CA13F1E001B0BBB /* Build configuration list for PBXNativeTarget "NYT Popular Articles Tests" */;
			buildPhases = (
				4FA493F82CA13F1E001B0BBB /* Sources */,
				4FA493F92CA13F1E001B0BBB /* Frameworks */,
				4FA493FA2CA13F1E001B0BBB /* Resources */,
			);
			buildRules = (
			);
			dependencies = (
				4FA494012CA13F1E001B0BBB /* PBXTargetDependency */,
			);
			name = "NYT Popular Articles Tests";
			productName = "NYT Popular Articles Tests";
			productReference = 4FA493FC2CA13F1E001B0BBB /* NYT Popular Articles Tests.xctest */;
			productType = "com.apple.product-type.bundle.unit-test";
		};
/* End PBXNativeTarget section */

/* Begin PBXProject section */
		4F3BB8A228D88B66000DE660 /* Project object */ = {
			isa = PBXProject;
			attributes = {
				BuildIndependentTargetsInParallel = 1;
				LastSwiftUpdateCheck = 1540;
				LastUpgradeCheck = 1340;
				TargetAttributes = {
					4F3BB8A928D88B66000DE660 = {
						CreatedOnToolsVersion = 13.4;
					};
					4FA493EC2CA13EFF001B0BBB = {
						CreatedOnToolsVersion = 15.4;
						TestTargetID = 4F3BB8A928D88B66000DE660;
					};
					4FA493FB2CA13F1E001B0BBB = {
						CreatedOnToolsVersion = 15.4;
						TestTargetID = 4F3BB8A928D88B66000DE660;
					};
				};
			};
			buildConfigurationList = 4F3BB8A528D88B66000DE660 /* Build configuration list for PBXProject "NYT Popular Articles" */;
			compatibilityVersion = "Xcode 13.0";
			developmentRegion = en;
			hasScannedForEncodings = 0;
			knownRegions = (
				en,
				Base,
			);
			mainGroup = 4F3BB8A128D88B66000DE660;
			productRefGroup = 4F3BB8AB28D88B66000DE660 /* Products */;
			projectDirPath = "";
			projectRoot = "";
			targets = (
				4F3BB8A928D88B66000DE660 /* NYT Popular Articles */,
				4FA493FB2CA13F1E001B0BBB /* NYT Popular Articles Tests */,
				4FA493EC2CA13EFF001B0BBB /* NYT Popular Articles UITests */,
			);
		};
/* End PBXProject section */

/* Begin PBXResourcesBuildPhase section */
		4F3BB8A828D88B66000DE660 /* Resources */ = {
			isa = PBXResourcesBuildPhase;
			buildActionMask = 2147483647;
			files = (
				4F3BB8BA28D88B6A000DE660 /* LaunchScreen.storyboard in Resources */,
				4F3BB8B728D88B6A000DE660 /* Assets.xcassets in Resources */,
			);
			runOnlyForDeploymentPostprocessing = 0;
		};
		4FA493EB2CA13EFF001B0BBB /* Resources */ = {
			isa = PBXResourcesBuildPhase;
			buildActionMask = 2147483647;
			files = (
			);
			runOnlyForDeploymentPostprocessing = 0;
		};
		4FA493FA2CA13F1E001B0BBB /* Resources */ = {
			isa = PBXResourcesBuildPhase;
			buildActionMask = 2147483647;
			files = (
				4FA494052CA13F42001B0BBB /* sampleData.json in Resources */,
			);
			runOnlyForDeploymentPostprocessing = 0;
		};
/* End PBXResourcesBuildPhase section */

/* Begin PBXSourcesBuildPhase section */
		4F3BB8A628D88B66000DE660 /* Sources */ = {
			isa = PBXSourcesBuildPhase;
			buildActionMask = 2147483647;
			files = (
				4F9CA4D728D8D54800BF419D /* ErrorResponse.swift in Sources */,
				4F9CA4EB28D9B48300BF419D /* ArticleTableViewCell.swift in Sources */,
				4F1D2CAE28E0A06E003666CF /* AccessibilityIdentifier.swift in Sources */,
				4F3BB8C328D88CB4000DE660 /* Coordinator.swift in Sources */,
				4F9CA4D428D8D54800BF419D /* ImageService.swift in Sources */,
				4F8250FE28DA0FCD006530D9 /* ArticlesResponse.swift in Sources */,
				4FB8B7A528D9EDE700C2D2D5 /* ArticleDetailViewController.swift in Sources */,
				4F3BB8CB28D895EF000DE660 /* ArticlesDIContainer.swift in Sources */,
				4F9CA4C828D8D4B200BF419D /* ArticlesRepository.swift in Sources */,
				4F9CA4E228D99C7A00BF419D /* Strings.swift in Sources */,
				4F9CA4E528D9A67300BF419D /* NetworkConstants.swift in Sources */,
				4F9CA4D328D8D54800BF419D /* ArticlesRequest.swift in Sources */,
				4F9CA4F128D9BCF300BF419D /* NSObject.swift in Sources */,
				4F6713E42C9F1331005167AC /* NavigationController.swift in Sources */,
				4F6713E12C9EDB80005167AC /* MediaMetaData.swift in Sources */,
				4F82510528DA19CC006530D9 /* ArticleDetailDIContainer.swift in Sources */,
				4F8250FA28DA05C7006530D9 /* AlertBuilder.swift in Sources */,
				4F3BB8B228D88B66000DE660 /* ArticlesViewController.swift in Sources */,
				4F3BB8C828D89491000DE660 /* AppDIContainer.swift in Sources */,
				4F9CA4D628D8D54800BF419D /* DataRequest.swift in Sources */,
				4F6713DF2C9EDB4F005167AC /* Media.swift in Sources */,
				4FB8B7A728D9F0C700C2D2D5 /* ArticleDetailViewModel.swift in Sources */,
				4F3BB8C528D88F95000DE660 /* AppCoordinator.swift in Sources */,
				4F9CA4C428D8D18000BF419D /* ArticlesViewModel.swift in Sources */,
				4F3BB8AE28D88B66000DE660 /* AppDelegate.swift in Sources */,
				4F9CA4D528D8D54800BF419D /* NetworkService.swift in Sources */,
				4F9CA4EF28D9BCD300BF419D /* UITableView.swift in Sources */,
				4F9CA4DB28D8D5D200BF419D /* Article.swift in Sources */,
				4F9CA4D828D8D54800BF419D /* Reachability.swift in Sources */,
				4F3BB8B028D88B66000DE660 /* SceneDelegate.swift in Sources */,
				4F9CA4DF28D99C4D00BF419D /* NSError.swift in Sources */,
			);
			runOnlyForDeploymentPostprocessing = 0;
		};
		4FA493E92CA13EFF001B0BBB /* Sources */ = {
			isa = PBXSourcesBuildPhase;
			buildActionMask = 2147483647;
			files = (
				4FA4940D2CA14000001B0BBB /* Strings.swift in Sources */,
				4FA4940E2CA14006001B0BBB /* AccessibilityIdentifier.swift in Sources */,
				4FA4940C2CA13F61001B0BBB /* NYTPopularArticlesUITests.swift in Sources */,
			);
			runOnlyForDeploymentPostprocessing = 0;
		};
		4FA493F82CA13F1E001B0BBB /* Sources */ = {
			isa = PBXSourcesBuildPhase;
			buildActionMask = 2147483647;
			files = (
				4FA494102CA14306001B0BBB /* ArticleDetailViewModelTests.swift in Sources */,
				4FA4940B2CA13F51001B0BBB /* ArticleModelTests.swift in Sources */,
				4FA4940A2CA13F4F001B0BBB /* ArticlesRepositoryTests.swift in Sources */,
				4FA494082CA13F4A001B0BBB /* MockArticlesRepository.swift in Sources */,
				4FA494072CA13F47001B0BBB /* MockNetworkService.swift in Sources */,
				4FA494062CA13F45001B0BBB /* MockDataGenerator.swift in Sources */,
				4FA494092CA13F4D001B0BBB /* ArticlesViewModelTests.swift in Sources */,
			);
			runOnlyForDeploymentPostprocessing = 0;
		};
/* End PBXSourcesBuildPhase section */

/* Begin PBXTargetDependency section */
		4FA493F42CA13EFF001B0BBB /* PBXTargetDependency */ = {
			isa = PBXTargetDependency;
			target = 4F3BB8A928D88B66000DE660 /* NYT Popular Articles */;
			targetProxy = 4FA493F32CA13EFF001B0BBB /* PBXContainerItemProxy */;
		};
		4FA494012CA13F1E001B0BBB /* PBXTargetDependency */ = {
			isa = PBXTargetDependency;
			target = 4F3BB8A928D88B66000DE660 /* NYT Popular Articles */;
			targetProxy = 4FA494002CA13F1E001B0BBB /* PBXContainerItemProxy */;
		};
/* End PBXTargetDependency section */

/* Begin PBXVariantGroup section */
		4F3BB8B828D88B6A000DE660 /* LaunchScreen.storyboard */ = {
			isa = PBXVariantGroup;
			children = (
				4F3BB8B928D88B6A000DE660 /* Base */,
			);
			name = LaunchScreen.storyboard;
			sourceTree = "<group>";
		};
/* End PBXVariantGroup section */

/* Begin XCBuildConfiguration section */
		4F3BB8BC28D88B6A000DE660 /* Debug */ = {
			isa = XCBuildConfiguration;
			buildSettings = {
				ALWAYS_SEARCH_USER_PATHS = NO;
				CLANG_ANALYZER_NONNULL = YES;
				CLANG_ANALYZER_NUMBER_OBJECT_CONVERSION = YES_AGGRESSIVE;
				CLANG_CXX_LANGUAGE_STANDARD = "gnu++17";
				CLANG_ENABLE_MODULES = YES;
				CLANG_ENABLE_OBJC_ARC = YES;
				CLANG_ENABLE_OBJC_WEAK = YES;
				CLANG_WARN_BLOCK_CAPTURE_AUTORELEASING = YES;
				CLANG_WARN_BOOL_CONVERSION = YES;
				CLANG_WARN_COMMA = YES;
				CLANG_WARN_CONSTANT_CONVERSION = YES;
				CLANG_WARN_DEPRECATED_OBJC_IMPLEMENTATIONS = YES;
				CLANG_WARN_DIRECT_OBJC_ISA_USAGE = YES_ERROR;
				CLANG_WARN_DOCUMENTATION_COMMENTS = YES;
				CLANG_WARN_EMPTY_BODY = YES;
				CLANG_WARN_ENUM_CONVERSION = YES;
				CLANG_WARN_INFINITE_RECURSION = YES;
				CLANG_WARN_INT_CONVERSION = YES;
				CLANG_WARN_NON_LITERAL_NULL_CONVERSION = YES;
				CLANG_WARN_OBJC_IMPLICIT_RETAIN_SELF = YES;
				CLANG_WARN_OBJC_LITERAL_CONVERSION = YES;
				CLANG_WARN_OBJC_ROOT_CLASS = YES_ERROR;
				CLANG_WARN_QUOTED_INCLUDE_IN_FRAMEWORK_HEADER = YES;
				CLANG_WARN_RANGE_LOOP_ANALYSIS = YES;
				CLANG_WARN_STRICT_PROTOTYPES = YES;
				CLANG_WARN_SUSPICIOUS_MOVE = YES;
				CLANG_WARN_UNGUARDED_AVAILABILITY = YES_AGGRESSIVE;
				CLANG_WARN_UNREACHABLE_CODE = YES;
				CLANG_WARN__DUPLICATE_METHOD_MATCH = YES;
				COPY_PHASE_STRIP = NO;
				DEBUG_INFORMATION_FORMAT = dwarf;
				ENABLE_STRICT_OBJC_MSGSEND = YES;
				ENABLE_TESTABILITY = YES;
				GCC_C_LANGUAGE_STANDARD = gnu11;
				GCC_DYNAMIC_NO_PIC = NO;
				GCC_NO_COMMON_BLOCKS = YES;
				GCC_OPTIMIZATION_LEVEL = 0;
				GCC_PREPROCESSOR_DEFINITIONS = (
					"DEBUG=1",
					"$(inherited)",
				);
				GCC_WARN_64_TO_32_BIT_CONVERSION = YES;
				GCC_WARN_ABOUT_RETURN_TYPE = YES_ERROR;
				GCC_WARN_UNDECLARED_SELECTOR = YES;
				GCC_WARN_UNINITIALIZED_AUTOS = YES_AGGRESSIVE;
				GCC_WARN_UNUSED_FUNCTION = YES;
				GCC_WARN_UNUSED_VARIABLE = YES;
				IPHONEOS_DEPLOYMENT_TARGET = 15.5;
				MTL_ENABLE_DEBUG_INFO = INCLUDE_SOURCE;
				MTL_FAST_MATH = YES;
				ONLY_ACTIVE_ARCH = YES;
				SDKROOT = iphoneos;
				SWIFT_ACTIVE_COMPILATION_CONDITIONS = DEBUG;
				SWIFT_OPTIMIZATION_LEVEL = "-Onone";
			};
			name = Debug;
		};
		4F3BB8BD28D88B6A000DE660 /* Release */ = {
			isa = XCBuildConfiguration;
			buildSettings = {
				ALWAYS_SEARCH_USER_PATHS = NO;
				CLANG_ANALYZER_NONNULL = YES;
				CLANG_ANALYZER_NUMBER_OBJECT_CONVERSION = YES_AGGRESSIVE;
				CLANG_CXX_LANGUAGE_STANDARD = "gnu++17";
				CLANG_ENABLE_MODULES = YES;
				CLANG_ENABLE_OBJC_ARC = YES;
				CLANG_ENABLE_OBJC_WEAK = YES;
				CLANG_WARN_BLOCK_CAPTURE_AUTORELEASING = YES;
				CLANG_WARN_BOOL_CONVERSION = YES;
				CLANG_WARN_COMMA = YES;
				CLANG_WARN_CONSTANT_CONVERSION = YES;
				CLANG_WARN_DEPRECATED_OBJC_IMPLEMENTATIONS = YES;
				CLANG_WARN_DIRECT_OBJC_ISA_USAGE = YES_ERROR;
				CLANG_WARN_DOCUMENTATION_COMMENTS = YES;
				CLANG_WARN_EMPTY_BODY = YES;
				CLANG_WARN_ENUM_CONVERSION = YES;
				CLANG_WARN_INFINITE_RECURSION = YES;
				CLANG_WARN_INT_CONVERSION = YES;
				CLANG_WARN_NON_LITERAL_NULL_CONVERSION = YES;
				CLANG_WARN_OBJC_IMPLICIT_RETAIN_SELF = YES;
				CLANG_WARN_OBJC_LITERAL_CONVERSION = YES;
				CLANG_WARN_OBJC_ROOT_CLASS = YES_ERROR;
				CLANG_WARN_QUOTED_INCLUDE_IN_FRAMEWORK_HEADER = YES;
				CLANG_WARN_RANGE_LOOP_ANALYSIS = YES;
				CLANG_WARN_STRICT_PROTOTYPES = YES;
				CLANG_WARN_SUSPICIOUS_MOVE = YES;
				CLANG_WARN_UNGUARDED_AVAILABILITY = YES_AGGRESSIVE;
				CLANG_WARN_UNREACHABLE_CODE = YES;
				CLANG_WARN__DUPLICATE_METHOD_MATCH = YES;
				COPY_PHASE_STRIP = NO;
				DEBUG_INFORMATION_FORMAT = "dwarf-with-dsym";
				ENABLE_NS_ASSERTIONS = NO;
				ENABLE_STRICT_OBJC_MSGSEND = YES;
				GCC_C_LANGUAGE_STANDARD = gnu11;
				GCC_NO_COMMON_BLOCKS = YES;
				GCC_WARN_64_TO_32_BIT_CONVERSION = YES;
				GCC_WARN_ABOUT_RETURN_TYPE = YES_ERROR;
				GCC_WARN_UNDECLARED_SELECTOR = YES;
				GCC_WARN_UNINITIALIZED_AUTOS = YES_AGGRESSIVE;
				GCC_WARN_UNUSED_FUNCTION = YES;
				GCC_WARN_UNUSED_VARIABLE = YES;
				IPHONEOS_DEPLOYMENT_TARGET = 15.5;
				MTL_ENABLE_DEBUG_INFO = NO;
				MTL_FAST_MATH = YES;
				SDKROOT = iphoneos;
				SWIFT_COMPILATION_MODE = wholemodule;
				SWIFT_OPTIMIZATION_LEVEL = "-O";
				VALIDATE_PRODUCT = YES;
			};
			name = Release;
		};
		4F3BB8BF28D88B6A000DE660 /* Debug */ = {
			isa = XCBuildConfiguration;
			buildSettings = {
				API_BASE_URL = "https://dog.ceo/api/";
				ASSETCATALOG_COMPILER_APPICON_NAME = AppIcon;
				ASSETCATALOG_COMPILER_GLOBAL_ACCENT_COLOR_NAME = AccentColor;
				CODE_SIGN_STYLE = Automatic;
				CURRENT_PROJECT_VERSION = 1;
				GENERATE_INFOPLIST_FILE = YES;
				INFOPLIST_FILE = "NYT Popular Articles/Info.plist";
				INFOPLIST_KEY_UIApplicationSupportsIndirectInputEvents = YES;
				INFOPLIST_KEY_UILaunchStoryboardName = LaunchScreen;
				INFOPLIST_KEY_UIMainStoryboardFile = LaunchScreen;
				INFOPLIST_KEY_UISupportedInterfaceOrientations_iPad = "UIInterfaceOrientationPortrait UIInterfaceOrientationPortraitUpsideDown UIInterfaceOrientationLandscapeLeft UIInterfaceOrientationLandscapeRight";
				INFOPLIST_KEY_UISupportedInterfaceOrientations_iPhone = "UIInterfaceOrientationPortrait UIInterfaceOrientationLandscapeLeft UIInterfaceOrientationLandscapeRight";
				IPHONEOS_DEPLOYMENT_TARGET = 15.5;
				LD_RUNPATH_SEARCH_PATHS = (
					"$(inherited)",
					"@executable_path/Frameworks",
				);
				MARKETING_VERSION = 1.0;
				PRODUCT_BUNDLE_IDENTIFIER = com.NYT.Popular.Articles;
				PRODUCT_NAME = "$(TARGET_NAME)";
				SWIFT_EMIT_LOC_STRINGS = YES;
				SWIFT_VERSION = 5.0;
				TARGETED_DEVICE_FAMILY = 1;
			};
			name = Debug;
		};
		4F3BB8C028D88B6A000DE660 /* Release */ = {
			isa = XCBuildConfiguration;
			buildSettings = {
				API_BASE_URL = "https://dog.ceo/api/";
				ASSETCATALOG_COMPILER_APPICON_NAME = AppIcon;
				ASSETCATALOG_COMPILER_GLOBAL_ACCENT_COLOR_NAME = AccentColor;
				CODE_SIGN_STYLE = Automatic;
				CURRENT_PROJECT_VERSION = 1;
				GENERATE_INFOPLIST_FILE = YES;
				INFOPLIST_FILE = "NYT Popular Articles/Info.plist";
				INFOPLIST_KEY_UIApplicationSupportsIndirectInputEvents = YES;
				INFOPLIST_KEY_UILaunchStoryboardName = LaunchScreen;
				INFOPLIST_KEY_UIMainStoryboardFile = LaunchScreen;
				INFOPLIST_KEY_UISupportedInterfaceOrientations_iPad = "UIInterfaceOrientationPortrait UIInterfaceOrientationPortraitUpsideDown UIInterfaceOrientationLandscapeLeft UIInterfaceOrientationLandscapeRight";
				INFOPLIST_KEY_UISupportedInterfaceOrientations_iPhone = "UIInterfaceOrientationPortrait UIInterfaceOrientationLandscapeLeft UIInterfaceOrientationLandscapeRight";
				IPHONEOS_DEPLOYMENT_TARGET = 15.5;
				LD_RUNPATH_SEARCH_PATHS = (
					"$(inherited)",
					"@executable_path/Frameworks",
				);
				MARKETING_VERSION = 1.0;
				PRODUCT_BUNDLE_IDENTIFIER = com.NYT.Popular.Articles;
				PRODUCT_NAME = "$(TARGET_NAME)";
				SWIFT_EMIT_LOC_STRINGS = YES;
				SWIFT_VERSION = 5.0;
				TARGETED_DEVICE_FAMILY = 1;
			};
			name = Release;
		};
		4FA493F62CA13EFF001B0BBB /* Debug */ = {
			isa = XCBuildConfiguration;
			buildSettings = {
				ASSETCATALOG_COMPILER_GENERATE_SWIFT_ASSET_SYMBOL_EXTENSIONS = YES;
				CLANG_CXX_LANGUAGE_STANDARD = "gnu++20";
				CODE_SIGN_STYLE = Automatic;
				CURRENT_PROJECT_VERSION = 1;
				ENABLE_USER_SCRIPT_SANDBOXING = YES;
				GCC_C_LANGUAGE_STANDARD = gnu17;
				GENERATE_INFOPLIST_FILE = YES;
				IPHONEOS_DEPLOYMENT_TARGET = 15.5;
				LOCALIZATION_PREFERS_STRING_CATALOGS = YES;
				MARKETING_VERSION = 1.0;
				PRODUCT_BUNDLE_IDENTIFIER = "com.NYT-Popular-Articles-UITests";
				PRODUCT_NAME = "$(TARGET_NAME)";
				SWIFT_ACTIVE_COMPILATION_CONDITIONS = "DEBUG $(inherited)";
				SWIFT_EMIT_LOC_STRINGS = NO;
				SWIFT_VERSION = 5.0;
				TARGETED_DEVICE_FAMILY = "1,2";
				TEST_TARGET_NAME = "NYT Popular Articles";
			};
			name = Debug;
		};
		4FA493F72CA13EFF001B0BBB /* Release */ = {
			isa = XCBuildConfiguration;
			buildSettings = {
				ASSETCATALOG_COMPILER_GENERATE_SWIFT_ASSET_SYMBOL_EXTENSIONS = YES;
				CLANG_CXX_LANGUAGE_STANDARD = "gnu++20";
				CODE_SIGN_STYLE = Automatic;
				CURRENT_PROJECT_VERSION = 1;
				ENABLE_USER_SCRIPT_SANDBOXING = YES;
				GCC_C_LANGUAGE_STANDARD = gnu17;
				GENERATE_INFOPLIST_FILE = YES;
				IPHONEOS_DEPLOYMENT_TARGET = 15.5;
				LOCALIZATION_PREFERS_STRING_CATALOGS = YES;
				MARKETING_VERSION = 1.0;
				PRODUCT_BUNDLE_IDENTIFIER = "com.NYT-Popular-Articles-UITests";
				PRODUCT_NAME = "$(TARGET_NAME)";
				SWIFT_EMIT_LOC_STRINGS = NO;
				SWIFT_VERSION = 5.0;
				TARGETED_DEVICE_FAMILY = "1,2";
				TEST_TARGET_NAME = "NYT Popular Articles";
			};
			name = Release;
		};
		4FA494032CA13F1E001B0BBB /* Debug */ = {
			isa = XCBuildConfiguration;
			buildSettings = {
				ASSETCATALOG_COMPILER_GENERATE_SWIFT_ASSET_SYMBOL_EXTENSIONS = YES;
				BUNDLE_LOADER = "$(TEST_HOST)";
				CLANG_CXX_LANGUAGE_STANDARD = "gnu++20";
				CODE_SIGN_STYLE = Automatic;
				CURRENT_PROJECT_VERSION = 1;
				ENABLE_USER_SCRIPT_SANDBOXING = YES;
				GCC_C_LANGUAGE_STANDARD = gnu17;
				GENERATE_INFOPLIST_FILE = YES;
				IPHONEOS_DEPLOYMENT_TARGET = 15.5;
				LOCALIZATION_PREFERS_STRING_CATALOGS = YES;
				MARKETING_VERSION = 1.0;
				PRODUCT_BUNDLE_IDENTIFIER = "com.NYT-Popular-Articles-Tests";
				PRODUCT_NAME = "$(TARGET_NAME)";
				SWIFT_ACTIVE_COMPILATION_CONDITIONS = "DEBUG $(inherited)";
				SWIFT_EMIT_LOC_STRINGS = NO;
				SWIFT_VERSION = 5.0;
				TARGETED_DEVICE_FAMILY = "1,2";
				TEST_HOST = "$(BUILT_PRODUCTS_DIR)/NYT Popular Articles.app/$(BUNDLE_EXECUTABLE_FOLDER_PATH)/NYT Popular Articles";
			};
			name = Debug;
		};
		4FA494042CA13F1E001B0BBB /* Release */ = {
			isa = XCBuildConfiguration;
			buildSettings = {
				ASSETCATALOG_COMPILER_GENERATE_SWIFT_ASSET_SYMBOL_EXTENSIONS = YES;
				BUNDLE_LOADER = "$(TEST_HOST)";
				CLANG_CXX_LANGUAGE_STANDARD = "gnu++20";
				CODE_SIGN_STYLE = Automatic;
				CURRENT_PROJECT_VERSION = 1;
				ENABLE_USER_SCRIPT_SANDBOXING = YES;
				GCC_C_LANGUAGE_STANDARD = gnu17;
				GENERATE_INFOPLIST_FILE = YES;
				IPHONEOS_DEPLOYMENT_TARGET = 15.5;
				LOCALIZATION_PREFERS_STRING_CATALOGS = YES;
				MARKETING_VERSION = 1.0;
				PRODUCT_BUNDLE_IDENTIFIER = "com.NYT-Popular-Articles-Tests";
				PRODUCT_NAME = "$(TARGET_NAME)";
				SWIFT_EMIT_LOC_STRINGS = NO;
				SWIFT_VERSION = 5.0;
				TARGETED_DEVICE_FAMILY = "1,2";
				TEST_HOST = "$(BUILT_PRODUCTS_DIR)/NYT Popular Articles.app/$(BUNDLE_EXECUTABLE_FOLDER_PATH)/NYT Popular Articles";
			};
			name = Release;
		};
/* End XCBuildConfiguration section */

/* Begin XCConfigurationList section */
		4F3BB8A528D88B66000DE660 /* Build configuration list for PBXProject "NYT Popular Articles" */ = {
			isa = XCConfigurationList;
			buildConfigurations = (
				4F3BB8BC28D88B6A000DE660 /* Debug */,
				4F3BB8BD28D88B6A000DE660 /* Release */,
			);
			defaultConfigurationIsVisible = 0;
			defaultConfigurationName = Release;
		};
		4F3BB8BE28D88B6A000DE660 /* Build configuration list for PBXNativeTarget "NYT Popular Articles" */ = {
			isa = XCConfigurationList;
			buildConfigurations = (
				4F3BB8BF28D88B6A000DE660 /* Debug */,
				4F3BB8C028D88B6A000DE660 /* Release */,
			);
			defaultConfigurationIsVisible = 0;
			defaultConfigurationName = Release;
		};
		4FA493F52CA13EFF001B0BBB /* Build configuration list for PBXNativeTarget "NYT Popular Articles UITests" */ = {
			isa = XCConfigurationList;
			buildConfigurations = (
				4FA493F62CA13EFF001B0BBB /* Debug */,
				4FA493F72CA13EFF001B0BBB /* Release */,
			);
			defaultConfigurationIsVisible = 0;
			defaultConfigurationName = Release;
		};
		4FA494022CA13F1E001B0BBB /* Build configuration list for PBXNativeTarget "NYT Popular Articles Tests" */ = {
			isa = XCConfigurationList;
			buildConfigurations = (
				4FA494032CA13F1E001B0BBB /* Debug */,
				4FA494042CA13F1E001B0BBB /* Release */,
			);
			defaultConfigurationIsVisible = 0;
			defaultConfigurationName = Release;
		};
/* End XCConfigurationList section */
	};
	rootObject = 4F3BB8A228D88B66000DE660 /* Project object */;
}
